
Microsoft Visual Studio Solution File, Format Version 12.00
# Visual Studio Version 17
VisualStudioVersion = 17.9.34723.18
MinimumVisualStudioVersion = 10.0.40219.1
Project("{9A19103F-16F7-4668-BE54-9A1E7A4F7556}") = "Cadastro_Livros", "Cadastro_Livros\Cadastro_Livros.csproj", "{B8C93C4D-A031-4630-A806-D3EC82C19DFA}"
EndProject
Project("{E24C65DC-7377-472B-9ABA-BC803B73C61A}") = "Web", "Web\", "{9327610E-6660-4BE5-959E-2C56379A822C}"
	ProjectSection(WebsiteProperties) = preProject
		TargetFrameworkMoniker = ".NETFramework,Version%3Dv4.8.1"
		Debug.AspNetCompiler.VirtualPath = "/localhost_64875"
		Debug.AspNetCompiler.PhysicalPath = "Web\"
		Debug.AspNetCompiler.TargetPath = "PrecompiledWeb\localhost_64875\"
		Debug.AspNetCompiler.Updateable = "true"
		Debug.AspNetCompiler.ForceOverwrite = "true"
		Debug.AspNetCompiler.FixedNames = "false"
		Debug.AspNetCompiler.Debug = "True"
		Release.AspNetCompiler.VirtualPath = "/localhost_64875"
		Release.AspNetCompiler.PhysicalPath = "Web\"
		Release.AspNetCompiler.TargetPath = "PrecompiledWeb\localhost_64875\"
		Release.AspNetCompiler.Updateable = "true"
		Release.AspNetCompiler.ForceOverwrite = "true"
		Release.AspNetCompiler.FixedNames = "false"
		Release.AspNetCompiler.Debug = "False"
		VWDPort = "64875"
		SlnRelativePath = "Web\"
	EndProjectSection
EndProject
Global
	GlobalSection(SolutionConfigurationPlatforms) = preSolution
		Debug|Any CPU = Debug|Any CPU
		Release|Any CPU = Release|Any CPU
	EndGlobalSection
	GlobalSection(ProjectConfigurationPlatforms) = postSolution
		{B8C93C4D-A031-4630-A806-D3EC82C19DFA}.Debug|Any CPU.ActiveCfg = Debug|Any CPU
		{B8C93C4D-A031-4630-A806-D3EC82C19DFA}.Debug|Any CPU.Build.0 = Debug|Any CPU
		{B8C93C4D-A031-4630-A806-D3EC82C19DFA}.Release|Any CPU.ActiveCfg = Release|Any CPU
		{B8C93C4D-A031-4630-A806-D3EC82C19DFA}.Release|Any CPU.Build.0 = Release|Any CPU
		{9327610E-6660-4BE5-959E-2C56379A822C}.Debug|Any CPU.ActiveCfg = Debug|Any CPU
		{9327610E-6660-4BE5-959E-2C56379A822C}.Debug|Any CPU.Build.0 = Debug|Any CPU
		{9327610E-6660-4BE5-959E-2C56379A822C}.Release|Any CPU.ActiveCfg = Debug|Any CPU
		{9327610E-6660-4BE5-959E-2C56379A822C}.Release|Any CPU.Build.0 = Debug|Any CPU
	EndGlobalSection
	GlobalSection(SolutionProperties) = preSolution
		HideSolutionNode = FALSE
	EndGlobalSection
	GlobalSection(ExtensibilityGlobals) = postSolution
		SolutionGuid = {CB2B1F02-3095-4E24-81D3-13D7819A28A4}
	EndGlobalSection
EndGlobal
